// !$*UTF8*$!
{
	archiveVersion = 1;
	classes = {
	};
	objectVersion = 46;
	objects = {

/* Begin PBXBuildFile section */
		C217C1851DD28B0F00925B58 /* main.m in Sources */ = {isa = PBXBuildFile; fileRef = C217C1841DD28B0F00925B58 /* main.m */; };
		C217C1881DD28B0F00925B58 /* AppDelegate.m in Sources */ = {isa = PBXBuildFile; fileRef = C217C1871DD28B0F00925B58 /* AppDelegate.m */; };
		C217C1901DD28B0F00925B58 /* Assets.xcassets in Resources */ = {isa = PBXBuildFile; fileRef = C217C18F1DD28B0F00925B58 /* Assets.xcassets */; };
		C217C1931DD28B0F00925B58 /* LaunchScreen.storyboard in Resources */ = {isa = PBXBuildFile; fileRef = C217C1911DD28B0F00925B58 /* LaunchScreen.storyboard */; };
		C217C19C1DD28D8800925B58 /* ListVC.m in Sources */ = {isa = PBXBuildFile; fileRef = C217C19B1DD28D8800925B58 /* ListVC.m */; };
		C217C19F1DD2A35800925B58 /* NoteVC.m in Sources */ = {isa = PBXBuildFile; fileRef = C217C19E1DD2A35800925B58 /* NoteVC.m */; };
/* End PBXBuildFile section */

/* Begin PBXFileReference section */
		C217C1801DD28B0F00925B58 /* Notes.app */ = {isa = PBXFileReference; explicitFileType = wrapper.application; includeInIndex = 0; path = Notes.app; sourceTree = BUILT_PRODUCTS_DIR; };
		C217C1841DD28B0F00925B58 /* main.m */ = {isa = PBXFileReference; lastKnownFileType = sourcecode.c.objc; path = main.m; sourceTree = "<group>"; };
		C217C1861DD28B0F00925B58 /* AppDelegate.h */ = {isa = PBXFileReference; lastKnownFileType = sourcecode.c.h; path = AppDelegate.h; sourceTree = "<group>"; };
		C217C1871DD28B0F00925B58 /* AppDelegate.m */ = {isa = PBXFileReference; lastKnownFileType = sourcecode.c.objc; path = AppDelegate.m; sourceTree = "<group>"; };
		C217C18F1DD28B0F00925B58 /* Assets.xcassets */ = {isa = PBXFileReference; lastKnownFileType = folder.assetcatalog; path = Assets.xcassets; sourceTree = "<group>"; };
		C217C1921DD28B0F00925B58 /* Base */ = {isa = PBXFileReference; lastKnownFileType = file.storyboard; name = Base; path = Base.lproj/LaunchScreen.storyboard; sourceTree = "<group>"; };
		C217C1941DD28B0F00925B58 /* Info.plist */ = {isa = PBXFileReference; lastKnownFileType = text.plist.xml; path = Info.plist; sourceTree = "<group>"; };
		C217C19A1DD28D8800925B58 /* ListVC.h */ = {isa = PBXFileReference; fileEncoding = 4; lastKnownFileType = sourcecode.c.h; path = ListVC.h; sourceTree = "<group>"; };
		C217C19B1DD28D8800925B58 /* ListVC.m */ = {isa = PBXFileReference; fileEncoding = 4; lastKnownFileType = sourcecode.c.objc; path = ListVC.m; sourceTree = "<group>"; };
		C217C19D1DD2A35800925B58 /* NoteVC.h */ = {isa = PBXFileReference; fileEncoding = 4; lastKnownFileType = sourcecode.c.h; path = NoteVC.h; sourceTree = "<group>"; };
		C217C19E1DD2A35800925B58 /* NoteVC.m */ = {isa = PBXFileReference; fileEncoding = 4; lastKnownFileType = sourcecode.c.objc; path = NoteVC.m; sourceTree = "<group>"; };
/* End PBXFileReference section */

/* Begin PBXFrameworksBuildPhase section */
		C217C17D1DD28B0F00925B58 /* Frameworks */ = {
			isa = PBXFrameworksBuildPhase;
			buildActionMask = 2147483647;
			files = (
			);
			runOnlyForDeploymentPostprocessing = 0;
		};
/* End PBXFrameworksBuildPhase section */

/* Begin PBXGroup section */
		C217C1771DD28B0F00925B58 = {
			isa = PBXGroup;
			children = (
				C217C1821DD28B0F00925B58 /* Notes */,
				C217C1811DD28B0F00925B58 /* Products */,
			);
			sourceTree = "<group>";
		};
		C217C1811DD28B0F00925B58 /* Products */ = {
			isa = PBXGroup;
			children = (
				C217C1801DD28B0F00925B58 /* Notes.app */,
			);
			name = Products;
			sourceTree = "<group>";
		};
		C217C1821DD28B0F00925B58 /* Notes */ = {
			isa = PBXGroup;
			children = (
				C217C1861DD28B0F00925B58 /* AppDelegate.h */,
				C217C1871DD28B0F00925B58 /* AppDelegate.m */,
				C217C19A1DD28D8800925B58 /* ListVC.h */,
				C217C19B1DD28D8800925B58 /* ListVC.m */,
				C217C19D1DD2A35800925B58 /* NoteVC.h */,
				C217C19E1DD2A35800925B58 /* NoteVC.m */,
				C217C18F1DD28B0F00925B58 /* Assets.xcassets */,
				C217C1911DD28B0F00925B58 /* LaunchScreen.storyboard */,
				C217C1941DD28B0F00925B58 /* Info.plist */,
				C217C1831DD28B0F00925B58 /* Supporting Files */,
			);
			path = Notes;
			sourceTree = "<group>";
		};
		C217C1831DD28B0F00925B58 /* Supporting Files */ = {
			isa = PBXGroup;
			children = (
				C217C1841DD28B0F00925B58 /* main.m */,
			);
			name = "Supporting Files";
			sourceTree = "<group>";
		};
/* End PBXGroup section */

/* Begin PBXNativeTarget section */
		C217C17F1DD28B0F00925B58 /* Notes */ = {
			isa = PBXNativeTarget;
			buildConfigurationList = C217C1971DD28B0F00925B58 /* Build configuration list for PBXNativeTarget "Notes" */;
			buildPhases = (
				C217C17C1DD28B0F00925B58 /* Sources */,
				C217C17D1DD28B0F00925B58 /* Frameworks */,
				C217C17E1DD28B0F00925B58 /* Resources */,
			);
			buildRules = (
			);
			dependencies = (
			);
			name = Notes;
			productName = Notes;
			productReference = C217C1801DD28B0F00925B58 /* Notes.app */;
			productType = "com.apple.product-type.application";
		};
/* End PBXNativeTarget section */

/* Begin PBXProject section */
		C217C1781DD28B0F00925B58 /* Project object */ = {
			isa = PBXProject;
			attributes = {
				LastUpgradeCheck = 0810;
				ORGANIZATIONNAME = "Maksym Poliakov";
				TargetAttributes = {
					C217C17F1DD28B0F00925B58 = {
						CreatedOnToolsVersion = 8.1;
						DevelopmentTeam = S9D87L38Y3;
						ProvisioningStyle = Automatic;
					};
				};
			};
			buildConfigurationList = C217C17B1DD28B0F00925B58 /* Build configuration list for PBXProject "Notes" */;
			compatibilityVersion = "Xcode 3.2";
			developmentRegion = English;
			hasScannedForEncodings = 0;
			knownRegions = (
				en,
				Base,
			);
			mainGroup = C217C1771DD28B0F00925B58;
			productRefGroup = C217C1811DD28B0F00925B58 /* Products */;
			projectDirPath = "";
			projectRoot = "";
			targets = (
				C217C17F1DD28B0F00925B58 /* Notes */,
			);
		};
/* End PBXProject section */

/* Begin PBXResourcesBuildPhase section */
		C217C17E1DD28B0F00925B58 /* Resources */ = {
			isa = PBXResourcesBuildPhase;
			buildActionMask = 2147483647;
			files = (
				C217C1931DD28B0F00925B58 /* LaunchScreen.storyboard in Resources */,
				C217C1901DD28B0F00925B58 /* Assets.xcassets in Resources */,
			);
			runOnlyForDeploymentPostprocessing = 0;
		};
/* End PBXResourcesBuildPhase section */

/* Begin PBXSourcesBuildPhase section */
		C217C17C1DD28B0F00925B58 /* Sources */ = {
			isa = PBXSourcesBuildPhase;
			buildActionMask = 2147483647;
			files = (
				C217C19C1DD28D8800925B58 /* ListVC.m in Sources */,
				C217C19F1DD2A35800925B58 /* NoteVC.m in Sources */,
				C217C1881DD28B0F00925B58 /* AppDelegate.m in Sources */,
				C217C1851DD28B0F00925B58 /* main.m in Sources */,
			);
			runOnlyForDeploymentPostprocessing = 0;
		};
/* End PBXSourcesBuildPhase section */

/* Begin PBXVariantGroup section */
		C217C1911DD28B0F00925B58 /* LaunchScreen.storyboard */ = {
			isa = PBXVariantGroup;
			children = (
				C217C1921DD28B0F00925B58 /* Base */,
			);
			name = LaunchScreen.storyboard;
			sourceTree = "<group>";
		};
/* End PBXVariantGroup section */

/* Begin XCBuildConfiguration section */
		C217C1951DD28B0F00925B58 /* Debug */ = {
			isa = XCBuildConfiguration;
			buildSettings = {
				ALWAYS_SEARCH_USER_PATHS = NO;
				CLANG_ANALYZER_NONNULL = YES;
				CLANG_CXX_LANGUAGE_STANDARD = "gnu++0x";
				CLANG_CXX_LIBRARY = "libc++";
				CLANG_ENABLE_MODULES = YES;
				CLANG_ENABLE_OBJC_ARC = YES;
				CLANG_WARN_BOOL_CONVERSION = YES;
				CLANG_WARN_CONSTANT_CONVERSION = YES;
				CLANG_WARN_DIRECT_OBJC_ISA_USAGE = YES_ERROR;
				CLANG_WARN_DOCUMENTATION_COMMENTS = YES;
				CLANG_WARN_EMPTY_BODY = YES;
				CLANG_WARN_ENUM_CONVERSION = YES;
				CLANG_WARN_INFINITE_RECURSION = YES;
				CLANG_WARN_INT_CONVERSION = YES;
				CLANG_WARN_OBJC_ROOT_CLASS = YES_ERROR;
				CLANG_WARN_SUSPICIOUS_MOVES = YES;
				CLANG_WARN_UNREACHABLE_CODE = YES;
				CLANG_WARN__DUPLICATE_METHOD_MATCH = YES;
				"CODE_SIGN_IDENTITY[sdk=iphoneos*]" = "iPhone Developer";
				COPY_PHASE_STRIP = NO;
				DEBUG_INFORMATION_FORMAT = dwarf;
				ENABLE_STRICT_OBJC_MSGSEND = YES;
				ENABLE_TESTABILITY = YES;
				GCC_C_LANGUAGE_STANDARD = gnu99;
				GCC_DYNAMIC_NO_PIC = NO;
				GCC_NO_COMMON_BLOCKS = YES;
				GCC_OPTIMIZATION_LEVEL = 0;
				GCC_PREPROCESSOR_DEFINITIONS = (
					"DEBUG=1",
					"$(inherited)",
				);
				GCC_WARN_64_TO_32_BIT_CONVERSION = YES;
				GCC_WARN_ABOUT_RETURN_TYPE = YES_ERROR;
				GCC_WARN_UNDECLARED_SELECTOR = YES;
				GCC_WARN_UNINITIALIZED_AUTOS = YES_AGGRESSIVE;
				GCC_WARN_UNUSED_FUNCTION = YES;
				GCC_WARN_UNUSED_VARIABLE = YES;
				IPHONEOS_DEPLOYMENT_TARGET = 10.1;
				MTL_ENABLE_DEBUG_INFO = YES;
				ONLY_ACTIVE_ARCH = YES;
				SDKROOT = iphoneos;
			};
			name = Debug;
		};
		C217C1961DD28B0F00925B58 /* Release */ = {
			isa = XCBuildConfiguration;
			buildSettings = {
				ALWAYS_SEARCH_USER_PATHS = NO;
				CLANG_ANALYZER_NONNULL = YES;
				CLANG_CXX_LANGUAGE_STANDARD = "gnu++0x";
				CLANG_CXX_LIBRARY = "libc++";
				CLANG_ENABLE_MODULES = YES;
				CLANG_ENABLE_OBJC_ARC = YES;
				CLANG_WARN_BOOL_CONVERSION = YES;
				CLANG_WARN_CONSTANT_CONVERSION = YES;
				CLANG_WARN_DIRECT_OBJC_ISA_USAGE = YES_ERROR;
				CLANG_WARN_DOCUMENTATION_COMMENTS = YES;
				CLANG_WARN_EMPTY_BODY = YES;
				CLANG_WARN_ENUM_CONVERSION = YES;
				CLANG_WARN_INFINITE_RECURSION = YES;
				CLANG_WARN_INT_CONVERSION = YES;
				CLANG_WARN_OBJC_ROOT_CLASS = YES_ERROR;
				CLANG_WARN_SUSPICIOUS_MOVES = YES;
				CLANG_WARN_UNREACHABLE_CODE = YES;
				CLANG_WARN__DUPLICATE_METHOD_MATCH = YES;
				"CODE_SIGN_IDENTITY[sdk=iphoneos*]" = "iPhone Developer";
				COPY_PHASE_STRIP = NO;
				DEBUG_INFORMATION_FORMAT = "dwarf-with-dsym";
				ENABLE_NS_ASSERTIONS = NO;
				ENABLE_STRICT_OBJC_MSGSEND = YES;
				GCC_C_LANGUAGE_STANDARD = gnu99;
				GCC_NO_COMMON_BLOCKS = YES;
				GCC_WARN_64_TO_32_BIT_CONVERSION = YES;
				GCC_WARN_ABOUT_RETURN_TYPE = YES_ERROR;
				GCC_WARN_UNDECLARED_SELECTOR = YES;
				GCC_WARN_UNINITIALIZED_AUTOS = YES_AGGRESSIVE;
				GCC_WARN_UNUSED_FUNCTION = YES;
				GCC_WARN_UNUSED_VARIABLE = YES;
				IPHONEOS_DEPLOYMENT_TARGET = 10.1;
				MTL_ENABLE_DEBUG_INFO = NO;
				SDKROOT = iphoneos;
				VALIDATE_PRODUCT = YES;
			};
			name = Release;
		};
		C217C1981DD28B0F00925B58 /* Debug */ = {
			isa = XCBuildConfiguration;
			buildSettings = {
				ASSETCATALOG_COMPILER_APPICON_NAME = AppIcon;
				DEVELOPMENT_TEAM = S9D87L38Y3;
				INFOPLIST_FILE = Notes/Info.plist;
				LD_RUNPATH_SEARCH_PATHS = "$(inherited) @executable_path/Frameworks";
				PRODUCT_BUNDLE_IDENTIFIER = "maksym-poliakov.Notes";
				PRODUCT_NAME = "$(TARGET_NAME)";
			};
			name = Debug;
		};
		C217C1991DD28B0F00925B58 /* Release */ = {
			isa = XCBuildConfiguration;
			buildSettings = {
				ASSETCATALOG_COMPILER_APPICON_NAME = AppIcon;
				DEVELOPMENT_TEAM = S9D87L38Y3;
				INFOPLIST_FILE = Notes/Info.plist;
				LD_RUNPATH_SEARCH_PATHS = "$(inherited) @executable_path/Frameworks";
				PRODUCT_BUNDLE_IDENTIFIER = "maksym-poliakov.Notes";
				PRODUCT_NAME = "$(TARGET_NAME)";
			};
			name = Release;
		};
/* End XCBuildConfiguration section */

/* Begin XCConfigurationList section */
		C217C17B1DD28B0F00925B58 /* Build configuration list for PBXProject "Notes" */ = {
			isa = XCConfigurationList;
			buildConfigurations = (
				C217C1951DD28B0F00925B58 /* Debug */,
				C217C1961DD28B0F00925B58 /* Release */,
			);
			defaultConfigurationIsVisible = 0;
			defaultConfigurationName = Release;
		};
		C217C1971DD28B0F00925B58 /* Build configuration list for PBXNativeTarget "Notes" */ = {
			isa = XCConfigurationList;
			buildConfigurations = (
				C217C1981DD28B0F00925B58 /* Debug */,
				C217C1991DD28B0F00925B58 /* Release */,
			);
			defaultConfigurationIsVisible = 0;
			defaultConfigurationName = Release;
		};
/* End XCConfigurationList section */
	};
	rootObject = C217C1781DD28B0F00925B58 /* Project object */;
}
